Microsoft Visual Studio Solution File, Format Version 12.00
# Visual Studio Version 17
VisualStudioVersion = 17.5.2.0
MinimumVisualStudioVersion = 10.0.40219.1
Project("{FAE04EC0-301F-11D3-BF4B-00C04F79EFBC}") = "JellyfinLocalChat", "JellyfinLocalChat\JellyfinLocalChat.csproj", "{FEF6F1B8-F840-0AAE-26D3-D23FAFBBF4FB}"
EndProject
Global
	GlobalSection(SolutionConfigurationPlatforms) = preSolution
		Debug|Any CPU = Debug|Any CPU
		Release|Any CPU = Release|Any CPU
	EndGlobalSection
	GlobalSection(ProjectConfigurationPlatforms) = postSolution
		{FEF6F1B8-F840-0AAE-26D3-D23FAFBBF4FB}.Debug|Any CPU.ActiveCfg = Debug|Any CPU
		{FEF6F1B8-F840-0AAE-26D3-D23FAFBBF4FB}.Debug|Any CPU.Build.0 = Debug|Any CPU
		{FEF6F1B8-F840-0AAE-26D3-D23FAFBBF4FB}.Release|Any CPU.ActiveCfg = Release|Any CPU
		{FEF6F1B8-F840-0AAE-26D3-D23FAFBBF4FB}.Release|Any CPU.Build.0 = Release|Any CPU
	EndGlobalSection
	GlobalSection(SolutionProperties) = preSolution
		HideSolutionNode = FALSE
	EndGlobalSection
	GlobalSection(ExtensibilityGlobals) = postSolution
		SolutionGuid = {5EBD43E7-584C-4BDD-A205-0C88C2EB9675}
	EndGlobalSection
EndGlobal
